
Microsoft Visual Studio Solution File, Format Version 12.00
# Visual Studio Version 17
VisualStudioVersion = 17.1.32407.343
MinimumVisualStudioVersion = 10.0.40219.1
Project("{9A19103F-16F7-4668-BE54-9A1E7A4F7556}") = "INCLUB.Shopping", "INCLUB.Shopping\INCLUB.Shopping.csproj", "{74D16399-CE37-408B-B86C-F001FC2E585B}"
EndProject
Project("{2150E333-8FDC-42A3-9474-1A3956D46DE8}") = "Projects", "Projects", "{3CEA503E-C470-434D-8685-78033A79BFC8}"
EndProject
Project("{2150E333-8FDC-42A3-9474-1A3956D46DE8}") = "Microservices", "Microservices", "{ECE9A107-6E58-4CEB-9437-C48B901CAAD6}"
EndProject
Project("{2150E333-8FDC-42A3-9474-1A3956D46DE8}") = "Shopping", "Shopping", "{65D620F1-D973-4222-90D4-1A769E7965E0}"
EndProject
Project("{2150E333-8FDC-42A3-9474-1A3956D46DE8}") = "Gateway", "Gateway", "{7F3E1B77-1D48-4051-9846-07A223088ADC}"
EndProject
Project("{2150E333-8FDC-42A3-9474-1A3956D46DE8}") = "User", "User", "{E5FE2AF0-BB7F-44D7-8EDE-1856C9330BA9}"
EndProject
Project("{2150E333-8FDC-42A3-9474-1A3956D46DE8}") = "Product", "Product", "{74C4C73E-393B-4CF7-A3EA-518BB3297ED3}"
EndProject
Project("{9A19103F-16F7-4668-BE54-9A1E7A4F7556}") = "INCLUB.Shopping.User", "INCLUB.Shopping.User\INCLUB.Shopping.User.csproj", "{F3279E3C-C725-4674-9F7F-D0EB6F69958D}"
EndProject
Project("{9A19103F-16F7-4668-BE54-9A1E7A4F7556}") = "INCLUB.Shopping.Product.Api", "INCLUB.Shopping.Product\INCLUB.Shopping.Product.Api.csproj", "{DD4C9355-8023-4EA8-B494-BD1E10DF1093}"
EndProject
Project("{9A19103F-16F7-4668-BE54-9A1E7A4F7556}") = "INCLUB.Shopping.Gateway", "INCLUB.Shopping.Gateway\INCLUB.Shopping.Gateway.csproj", "{66C556DE-641B-4CA2-BE33-D5813830DF4B}"
EndProject
Project("{9A19103F-16F7-4668-BE54-9A1E7A4F7556}") = "INCLUB.Shopping.Product.Entities", "INCLUB.Shopping.Product.Entities\INCLUB.Shopping.Product.Entities.csproj", "{BEAA579E-CF32-4696-B42A-420407A10341}"
EndProject
Project("{9A19103F-16F7-4668-BE54-9A1E7A4F7556}") = "INCLUB.Shopping.Product.Repository", "INCLUB.Shopping.Product.Repository\INCLUB.Shopping.Product.Repository.csproj", "{9A9EF4ED-429C-48CC-AD28-3D7516BE6880}"
EndProject
Project("{9A19103F-16F7-4668-BE54-9A1E7A4F7556}") = "INCLUB.Shopping.Product.Services", "INCLUB.Shopping.Product.Services\INCLUB.Shopping.Product.Services.csproj", "{9243BDE2-189D-4F0D-AA1F-70357284432E}"
EndProject
Project("{9A19103F-16F7-4668-BE54-9A1E7A4F7556}") = "INCLUB.Shopping.Product.LoggerService", "INCLUB.Shopping.Product.LoggerService\INCLUB.Shopping.Product.LoggerService.csproj", "{A45330AC-C3CA-4B4E-BED3-BC26D0CF8655}"
EndProject
Project("{9A19103F-16F7-4668-BE54-9A1E7A4F7556}") = "INCLUB.Shopping.Product.Contract", "INCLUB.Shopping.Product.Contract\INCLUB.Shopping.Product.Contract.csproj", "{DCED2C7E-27EB-45B7-894C-483F224A3E18}"
EndProject
Project("{9A19103F-16F7-4668-BE54-9A1E7A4F7556}") = "INCLUB.Shopping.Prioduct.Common", "INCLUB.Shopping.Prioduct.Common\INCLUB.Shopping.Prioduct.Common.csproj", "{57F682C0-0BE1-4388-A818-655B110555D0}"
EndProject
Project("{2150E333-8FDC-42A3-9474-1A3956D46DE8}") = "Cross", "Cross", "{224EC087-1C86-4A4A-9D33-7B2DCE551962}"
EndProject
Project("{2150E333-8FDC-42A3-9474-1A3956D46DE8}") = "BD", "BD", "{BE8CAC9F-22BF-454B-8EEE-3F54D446D654}"
	ProjectSection(SolutionItems) = preProject
		..\..\..\Downloads\Script_bd.sql = ..\..\..\Downloads\Script_bd.sql
	EndProjectSection
EndProject
Global
	GlobalSection(SolutionConfigurationPlatforms) = preSolution
		Debug|Any CPU = Debug|Any CPU
		Release|Any CPU = Release|Any CPU
	EndGlobalSection
	GlobalSection(ProjectConfigurationPlatforms) = postSolution
		{74D16399-CE37-408B-B86C-F001FC2E585B}.Debug|Any CPU.ActiveCfg = Debug|Any CPU
		{74D16399-CE37-408B-B86C-F001FC2E585B}.Debug|Any CPU.Build.0 = Debug|Any CPU
		{74D16399-CE37-408B-B86C-F001FC2E585B}.Release|Any CPU.ActiveCfg = Release|Any CPU
		{74D16399-CE37-408B-B86C-F001FC2E585B}.Release|Any CPU.Build.0 = Release|Any CPU
		{F3279E3C-C725-4674-9F7F-D0EB6F69958D}.Debug|Any CPU.ActiveCfg = Debug|Any CPU
		{F3279E3C-C725-4674-9F7F-D0EB6F69958D}.Debug|Any CPU.Build.0 = Debug|Any CPU
		{F3279E3C-C725-4674-9F7F-D0EB6F69958D}.Release|Any CPU.ActiveCfg = Release|Any CPU
		{F3279E3C-C725-4674-9F7F-D0EB6F69958D}.Release|Any CPU.Build.0 = Release|Any CPU
		{DD4C9355-8023-4EA8-B494-BD1E10DF1093}.Debug|Any CPU.ActiveCfg = Debug|Any CPU
		{DD4C9355-8023-4EA8-B494-BD1E10DF1093}.Debug|Any CPU.Build.0 = Debug|Any CPU
		{DD4C9355-8023-4EA8-B494-BD1E10DF1093}.Release|Any CPU.ActiveCfg = Release|Any CPU
		{DD4C9355-8023-4EA8-B494-BD1E10DF1093}.Release|Any CPU.Build.0 = Release|Any CPU
		{66C556DE-641B-4CA2-BE33-D5813830DF4B}.Debug|Any CPU.ActiveCfg = Debug|Any CPU
		{66C556DE-641B-4CA2-BE33-D5813830DF4B}.Debug|Any CPU.Build.0 = Debug|Any CPU
		{66C556DE-641B-4CA2-BE33-D5813830DF4B}.Release|Any CPU.ActiveCfg = Release|Any CPU
		{66C556DE-641B-4CA2-BE33-D5813830DF4B}.Release|Any CPU.Build.0 = Release|Any CPU
		{BEAA579E-CF32-4696-B42A-420407A10341}.Debug|Any CPU.ActiveCfg = Debug|Any CPU
		{BEAA579E-CF32-4696-B42A-420407A10341}.Debug|Any CPU.Build.0 = Debug|Any CPU
		{BEAA579E-CF32-4696-B42A-420407A10341}.Release|Any CPU.ActiveCfg = Release|Any CPU
		{BEAA579E-CF32-4696-B42A-420407A10341}.Release|Any CPU.Build.0 = Release|Any CPU
		{9A9EF4ED-429C-48CC-AD28-3D7516BE6880}.Debug|Any CPU.ActiveCfg = Debug|Any CPU
		{9A9EF4ED-429C-48CC-AD28-3D7516BE6880}.Debug|Any CPU.Build.0 = Debug|Any CPU
		{9A9EF4ED-429C-48CC-AD28-3D7516BE6880}.Release|Any CPU.ActiveCfg = Release|Any CPU
		{9A9EF4ED-429C-48CC-AD28-3D7516BE6880}.Release|Any CPU.Build.0 = Release|Any CPU
		{9243BDE2-189D-4F0D-AA1F-70357284432E}.Debug|Any CPU.ActiveCfg = Debug|Any CPU
		{9243BDE2-189D-4F0D-AA1F-70357284432E}.Debug|Any CPU.Build.0 = Debug|Any CPU
		{9243BDE2-189D-4F0D-AA1F-70357284432E}.Release|Any CPU.ActiveCfg = Release|Any CPU
		{9243BDE2-189D-4F0D-AA1F-70357284432E}.Release|Any CPU.Build.0 = Release|Any CPU
		{A45330AC-C3CA-4B4E-BED3-BC26D0CF8655}.Debug|Any CPU.ActiveCfg = Debug|Any CPU
		{A45330AC-C3CA-4B4E-BED3-BC26D0CF8655}.Debug|Any CPU.Build.0 = Debug|Any CPU
		{A45330AC-C3CA-4B4E-BED3-BC26D0CF8655}.Release|Any CPU.ActiveCfg = Release|Any CPU
		{A45330AC-C3CA-4B4E-BED3-BC26D0CF8655}.Release|Any CPU.Build.0 = Release|Any CPU
		{DCED2C7E-27EB-45B7-894C-483F224A3E18}.Debug|Any CPU.ActiveCfg = Debug|Any CPU
		{DCED2C7E-27EB-45B7-894C-483F224A3E18}.Debug|Any CPU.Build.0 = Debug|Any CPU
		{DCED2C7E-27EB-45B7-894C-483F224A3E18}.Release|Any CPU.ActiveCfg = Release|Any CPU
		{DCED2C7E-27EB-45B7-894C-483F224A3E18}.Release|Any CPU.Build.0 = Release|Any CPU
		{57F682C0-0BE1-4388-A818-655B110555D0}.Debug|Any CPU.ActiveCfg = Debug|Any CPU
		{57F682C0-0BE1-4388-A818-655B110555D0}.Debug|Any CPU.Build.0 = Debug|Any CPU
		{57F682C0-0BE1-4388-A818-655B110555D0}.Release|Any CPU.ActiveCfg = Release|Any CPU
		{57F682C0-0BE1-4388-A818-655B110555D0}.Release|Any CPU.Build.0 = Release|Any CPU
	EndGlobalSection
	GlobalSection(SolutionProperties) = preSolution
		HideSolutionNode = FALSE
	EndGlobalSection
	GlobalSection(NestedProjects) = preSolution
		{74D16399-CE37-408B-B86C-F001FC2E585B} = {65D620F1-D973-4222-90D4-1A769E7965E0}
		{ECE9A107-6E58-4CEB-9437-C48B901CAAD6} = {3CEA503E-C470-434D-8685-78033A79BFC8}
		{65D620F1-D973-4222-90D4-1A769E7965E0} = {ECE9A107-6E58-4CEB-9437-C48B901CAAD6}
		{7F3E1B77-1D48-4051-9846-07A223088ADC} = {3CEA503E-C470-434D-8685-78033A79BFC8}
		{E5FE2AF0-BB7F-44D7-8EDE-1856C9330BA9} = {ECE9A107-6E58-4CEB-9437-C48B901CAAD6}
		{74C4C73E-393B-4CF7-A3EA-518BB3297ED3} = {ECE9A107-6E58-4CEB-9437-C48B901CAAD6}
		{F3279E3C-C725-4674-9F7F-D0EB6F69958D} = {E5FE2AF0-BB7F-44D7-8EDE-1856C9330BA9}
		{DD4C9355-8023-4EA8-B494-BD1E10DF1093} = {74C4C73E-393B-4CF7-A3EA-518BB3297ED3}
		{66C556DE-641B-4CA2-BE33-D5813830DF4B} = {7F3E1B77-1D48-4051-9846-07A223088ADC}
		{BEAA579E-CF32-4696-B42A-420407A10341} = {74C4C73E-393B-4CF7-A3EA-518BB3297ED3}
		{9A9EF4ED-429C-48CC-AD28-3D7516BE6880} = {74C4C73E-393B-4CF7-A3EA-518BB3297ED3}
		{9243BDE2-189D-4F0D-AA1F-70357284432E} = {74C4C73E-393B-4CF7-A3EA-518BB3297ED3}
		{A45330AC-C3CA-4B4E-BED3-BC26D0CF8655} = {74C4C73E-393B-4CF7-A3EA-518BB3297ED3}
		{DCED2C7E-27EB-45B7-894C-483F224A3E18} = {74C4C73E-393B-4CF7-A3EA-518BB3297ED3}
		{57F682C0-0BE1-4388-A818-655B110555D0} = {74C4C73E-393B-4CF7-A3EA-518BB3297ED3}
	EndGlobalSection
	GlobalSection(ExtensibilityGlobals) = postSolution
		SolutionGuid = {B683C4C7-BDAC-4B76-9235-7FF7B0898B92}
	EndGlobalSection
EndGlobal
